
Microsoft Visual Studio Solution File, Format Version 12.00
# Visual Studio 15
VisualStudioVersion = 15.0.27428.2037
MinimumVisualStudioVersion = 10.0.40219.1
Project("{FAE04EC0-301F-11D3-BF4B-00C04F79EFBC}") = "CsInjection.LeagueOfLegends", "CsInjection.LeagueOfLegends\CsInjection.LeagueOfLegends.csproj", "{58E9C1AD-E291-4A73-A202-C283F81393B4}"
EndProject
Project("{8BC9CEB8-8B4A-11D0-8D11-00A0C91BC942}") = "CsInjection.Cpp.Bootstrap", "CsInjection.Cpp.Bootstrap\CsInjection.Cpp.Bootstrap.vcxproj", "{7733ECA9-BF8B-4EB2-8078-05E62D4EABDA}"
EndProject
Project("{FAE04EC0-301F-11D3-BF4B-00C04F79EFBC}") = "CsInjection.ManualMapInjection", "CsInjection.ManualMapInjection\CsInjection.ManualMapInjection.csproj", "{52A52765-574F-4CDB-B739-40EAB4965294}"
EndProject
Project("{FAE04EC0-301F-11D3-BF4B-00C04F79EFBC}") = "CsInjection.Tests", "CsInjection.Tests\CsInjection.Tests.csproj", "{CBBE2A9C-73AE-4592-B4B0-1645A7AF4CF1}"
EndProject
Project("{FAE04EC0-301F-11D3-BF4B-00C04F79EFBC}") = "CsInjection.Core", "CsInjection.Core\CsInjection.Core.csproj", "{214B3D50-3F2A-485F-A523-3B406B86D93D}"
EndProject
Project("{FAE04EC0-301F-11D3-BF4B-00C04F79EFBC}") = "LolBinaryLoader", "LolBinaryLoader\LolBinaryLoader.csproj", "{BC7DC42E-8A12-4C35-B949-EEB9BCC5206D}"
EndProject
Project("{FAE04EC0-301F-11D3-BF4B-00C04F79EFBC}") = "DauntlessBinaryLoader", "DauntlessBinaryLoader\DauntlessBinaryLoader.csproj", "{504D43DB-6900-49A4-BE57-1CEE89C17A2A}"
EndProject
Global
	GlobalSection(SolutionConfigurationPlatforms) = preSolution
		Debug|Any CPU = Debug|Any CPU
		Debug|x64 = Debug|x64
		Debug|x86 = Debug|x86
		Release|Any CPU = Release|Any CPU
		Release|x64 = Release|x64
		Release|x86 = Release|x86
	EndGlobalSection
	GlobalSection(ProjectConfigurationPlatforms) = postSolution
		{58E9C1AD-E291-4A73-A202-C283F81393B4}.Debug|Any CPU.ActiveCfg = Debug|Any CPU
		{58E9C1AD-E291-4A73-A202-C283F81393B4}.Debug|Any CPU.Build.0 = Debug|Any CPU
		{58E9C1AD-E291-4A73-A202-C283F81393B4}.Debug|x64.ActiveCfg = Debug|Any CPU
		{58E9C1AD-E291-4A73-A202-C283F81393B4}.Debug|x64.Build.0 = Debug|Any CPU
		{58E9C1AD-E291-4A73-A202-C283F81393B4}.Debug|x86.ActiveCfg = Debug|Any CPU
		{58E9C1AD-E291-4A73-A202-C283F81393B4}.Debug|x86.Build.0 = Debug|Any CPU
		{58E9C1AD-E291-4A73-A202-C283F81393B4}.Release|Any CPU.ActiveCfg = Debug|Any CPU
		{58E9C1AD-E291-4A73-A202-C283F81393B4}.Release|Any CPU.Build.0 = Debug|Any CPU
		{58E9C1AD-E291-4A73-A202-C283F81393B4}.Release|x64.ActiveCfg = Release|Any CPU
		{58E9C1AD-E291-4A73-A202-C283F81393B4}.Release|x64.Build.0 = Release|Any CPU
		{58E9C1AD-E291-4A73-A202-C283F81393B4}.Release|x86.ActiveCfg = Debug|Any CPU
		{58E9C1AD-E291-4A73-A202-C283F81393B4}.Release|x86.Build.0 = Debug|Any CPU
		{7733ECA9-BF8B-4EB2-8078-05E62D4EABDA}.Debug|Any CPU.ActiveCfg = Debug|Win32
		{7733ECA9-BF8B-4EB2-8078-05E62D4EABDA}.Debug|x64.ActiveCfg = Debug|x64
		{7733ECA9-BF8B-4EB2-8078-05E62D4EABDA}.Debug|x64.Build.0 = Debug|x64
		{7733ECA9-BF8B-4EB2-8078-05E62D4EABDA}.Debug|x86.ActiveCfg = Debug|Win32
		{7733ECA9-BF8B-4EB2-8078-05E62D4EABDA}.Debug|x86.Build.0 = Debug|Win32
		{7733ECA9-BF8B-4EB2-8078-05E62D4EABDA}.Release|Any CPU.ActiveCfg = Debug|Win32
		{7733ECA9-BF8B-4EB2-8078-05E62D4EABDA}.Release|x64.ActiveCfg = Release|x64
		{7733ECA9-BF8B-4EB2-8078-05E62D4EABDA}.Release|x64.Build.0 = Release|x64
		{7733ECA9-BF8B-4EB2-8078-05E62D4EABDA}.Release|x86.ActiveCfg = Debug|Win32
		{7733ECA9-BF8B-4EB2-8078-05E62D4EABDA}.Release|x86.Build.0 = Debug|Win32
		{52A52765-574F-4CDB-B739-40EAB4965294}.Debug|Any CPU.ActiveCfg = Debug|Any CPU
		{52A52765-574F-4CDB-B739-40EAB4965294}.Debug|Any CPU.Build.0 = Debug|Any CPU
		{52A52765-574F-4CDB-B739-40EAB4965294}.Debug|x64.ActiveCfg = Debug|Any CPU
		{52A52765-574F-4CDB-B739-40EAB4965294}.Debug|x64.Build.0 = Debug|Any CPU
		{52A52765-574F-4CDB-B739-40EAB4965294}.Debug|x86.ActiveCfg = Debug|Any CPU
		{52A52765-574F-4CDB-B739-40EAB4965294}.Debug|x86.Build.0 = Debug|Any CPU
		{52A52765-574F-4CDB-B739-40EAB4965294}.Release|Any CPU.ActiveCfg = Debug|Any CPU
		{52A52765-574F-4CDB-B739-40EAB4965294}.Release|Any CPU.Build.0 = Debug|Any CPU
		{52A52765-574F-4CDB-B739-40EAB4965294}.Release|x64.ActiveCfg = Release|Any CPU
		{52A52765-574F-4CDB-B739-40EAB4965294}.Release|x64.Build.0 = Release|Any CPU
		{52A52765-574F-4CDB-B739-40EAB4965294}.Release|x86.ActiveCfg = Debug|Any CPU
		{52A52765-574F-4CDB-B739-40EAB4965294}.Release|x86.Build.0 = Debug|Any CPU
		{CBBE2A9C-73AE-4592-B4B0-1645A7AF4CF1}.Debug|Any CPU.ActiveCfg = Debug|Any CPU
		{CBBE2A9C-73AE-4592-B4B0-1645A7AF4CF1}.Debug|Any CPU.Build.0 = Debug|Any CPU
		{CBBE2A9C-73AE-4592-B4B0-1645A7AF4CF1}.Debug|x64.ActiveCfg = Debug|Any CPU
		{CBBE2A9C-73AE-4592-B4B0-1645A7AF4CF1}.Debug|x64.Build.0 = Debug|Any CPU
		{CBBE2A9C-73AE-4592-B4B0-1645A7AF4CF1}.Debug|x86.ActiveCfg = Debug|Any CPU
		{CBBE2A9C-73AE-4592-B4B0-1645A7AF4CF1}.Debug|x86.Build.0 = Debug|Any CPU
		{CBBE2A9C-73AE-4592-B4B0-1645A7AF4CF1}.Release|Any CPU.ActiveCfg = Debug|Any CPU
		{CBBE2A9C-73AE-4592-B4B0-1645A7AF4CF1}.Release|Any CPU.Build.0 = Debug|Any CPU
		{CBBE2A9C-73AE-4592-B4B0-1645A7AF4CF1}.Release|x64.ActiveCfg = Release|Any CPU
		{CBBE2A9C-73AE-4592-B4B0-1645A7AF4CF1}.Release|x64.Build.0 = Release|Any CPU
		{CBBE2A9C-73AE-4592-B4B0-1645A7AF4CF1}.Release|x86.ActiveCfg = Debug|Any CPU
		{CBBE2A9C-73AE-4592-B4B0-1645A7AF4CF1}.Release|x86.Build.0 = Debug|Any CPU
		{214B3D50-3F2A-485F-A523-3B406B86D93D}.Debug|Any CPU.ActiveCfg = Debug|Any CPU
		{214B3D50-3F2A-485F-A523-3B406B86D93D}.Debug|Any CPU.Build.0 = Debug|Any CPU
		{214B3D50-3F2A-485F-A523-3B406B86D93D}.Debug|x64.ActiveCfg = Debug|Any CPU
		{214B3D50-3F2A-485F-A523-3B406B86D93D}.Debug|x64.Build.0 = Debug|Any CPU
		{214B3D50-3F2A-485F-A523-3B406B86D93D}.Debug|x86.ActiveCfg = Debug|Any CPU
		{214B3D50-3F2A-485F-A523-3B406B86D93D}.Debug|x86.Build.0 = Debug|Any CPU
		{214B3D50-3F2A-485F-A523-3B406B86D93D}.Release|Any CPU.ActiveCfg = Release|Any CPU
		{214B3D50-3F2A-485F-A523-3B406B86D93D}.Release|Any CPU.Build.0 = Release|Any CPU
		{214B3D50-3F2A-485F-A523-3B406B86D93D}.Release|x64.ActiveCfg = Release|Any CPU
		{214B3D50-3F2A-485F-A523-3B406B86D93D}.Release|x64.Build.0 = Release|Any CPU
		{214B3D50-3F2A-485F-A523-3B406B86D93D}.Release|x86.ActiveCfg = Release|Any CPU
		{214B3D50-3F2A-485F-A523-3B406B86D93D}.Release|x86.Build.0 = Release|Any CPU
		{BC7DC42E-8A12-4C35-B949-EEB9BCC5206D}.Debug|Any CPU.ActiveCfg = Debug|Any CPU
		{BC7DC42E-8A12-4C35-B949-EEB9BCC5206D}.Debug|Any CPU.Build.0 = Debug|Any CPU
		{BC7DC42E-8A12-4C35-B949-EEB9BCC5206D}.Debug|x64.ActiveCfg = Debug|Any CPU
		{BC7DC42E-8A12-4C35-B949-EEB9BCC5206D}.Debug|x64.Build.0 = Debug|Any CPU
		{BC7DC42E-8A12-4C35-B949-EEB9BCC5206D}.Debug|x86.ActiveCfg = Debug|Any CPU
		{BC7DC42E-8A12-4C35-B949-EEB9BCC5206D}.Debug|x86.Build.0 = Debug|Any CPU
		{BC7DC42E-8A12-4C35-B949-EEB9BCC5206D}.Release|Any CPU.ActiveCfg = Release|Any CPU
		{BC7DC42E-8A12-4C35-B949-EEB9BCC5206D}.Release|Any CPU.Build.0 = Release|Any CPU
		{BC7DC42E-8A12-4C35-B949-EEB9BCC5206D}.Release|x64.ActiveCfg = Release|Any CPU
		{BC7DC42E-8A12-4C35-B949-EEB9BCC5206D}.Release|x64.Build.0 = Release|Any CPU
		{BC7DC42E-8A12-4C35-B949-EEB9BCC5206D}.Release|x86.ActiveCfg = Release|Any CPU
		{BC7DC42E-8A12-4C35-B949-EEB9BCC5206D}.Release|x86.Build.0 = Release|Any CPU
		{504D43DB-6900-49A4-BE57-1CEE89C17A2A}.Debug|Any CPU.ActiveCfg = Debug|Any CPU
		{504D43DB-6900-49A4-BE57-1CEE89C17A2A}.Debug|Any CPU.Build.0 = Debug|Any CPU
		{504D43DB-6900-49A4-BE57-1CEE89C17A2A}.Debug|x64.ActiveCfg = Debug|Any CPU
		{504D43DB-6900-49A4-BE57-1CEE89C17A2A}.Debug|x64.Build.0 = Debug|Any CPU
		{504D43DB-6900-49A4-BE57-1CEE89C17A2A}.Debug|x86.ActiveCfg = Debug|Any CPU
		{504D43DB-6900-49A4-BE57-1CEE89C17A2A}.Debug|x86.Build.0 = Debug|Any CPU
		{504D43DB-6900-49A4-BE57-1CEE89C17A2A}.Release|Any CPU.ActiveCfg = Release|Any CPU
		{504D43DB-6900-49A4-BE57-1CEE89C17A2A}.Release|Any CPU.Build.0 = Release|Any CPU
		{504D43DB-6900-49A4-BE57-1CEE89C17A2A}.Release|x64.ActiveCfg = Release|Any CPU
		{504D43DB-6900-49A4-BE57-1CEE89C17A2A}.Release|x64.Build.0 = Release|Any CPU
		{504D43DB-6900-49A4-BE57-1CEE89C17A2A}.Release|x86.ActiveCfg = Release|Any CPU
		{504D43DB-6900-49A4-BE57-1CEE89C17A2A}.Release|x86.Build.0 = Release|Any CPU
	EndGlobalSection
	GlobalSection(SolutionProperties) = preSolution
		HideSolutionNode = FALSE
	EndGlobalSection
	GlobalSection(ExtensibilityGlobals) = postSolution
		SolutionGuid = {D08A4915-36D7-4636-A195-69744BA601A1}
	EndGlobalSection
EndGlobal
