
Microsoft Visual Studio Solution File, Format Version 12.00
# Visual Studio Version 16
VisualStudioVersion = 16.0.29001.49
MinimumVisualStudioVersion = 10.0.40219.1
Project("{2150E333-8FDC-42A3-9474-1A3956D46DE8}") = "Sample", "Sample", "{85FF6757-CBA4-460F-B028-ABC0282D73E8}"
EndProject
Project("{FAE04EC0-301F-11D3-BF4B-00C04F79EFBC}") = "GameSharp.Notepadpp", "Sample\GameSharp.Notepadpp.dll\GameSharp.Notepadpp.csproj", "{79C11529-1264-454A-B086-0E10EB21A584}"
EndProject
Project("{FAE04EC0-301F-11D3-BF4B-00C04F79EFBC}") = "GameSharp.Notepadpp.Injector", "Sample\GameSharp.Notepadpp.Injector\GameSharp.Notepadpp.Injector.csproj", "{33487D43-8039-476F-B1E6-E906A0897F7B}"
EndProject
Project("{FAE04EC0-301F-11D3-BF4B-00C04F79EFBC}") = "GameSharp.Internal", "GameSharp.Internal\GameSharp.Internal.csproj", "{9F88A5B2-866E-4DF0-98B7-69E88009194B}"
EndProject
Project("{FAE04EC0-301F-11D3-BF4B-00C04F79EFBC}") = "GameSharp.External", "GameSharp.External\GameSharp.External.csproj", "{4422D079-E831-48AB-BC8A-1B805C7C12FA}"
EndProject
Project("{FAE04EC0-301F-11D3-BF4B-00C04F79EFBC}") = "GameSharp.Core", "GameSharp.Core\GameSharp.Core.csproj", "{C8009EEC-5B88-43EE-AF12-2D973C4676C2}"
EndProject
Project("{2150E333-8FDC-42A3-9474-1A3956D46DE8}") = "WorldOfWarcraft", "WorldOfWarcraft", "{FD320032-FF21-4C98-8207-0C17431763A9}"
EndProject
Project("{FAE04EC0-301F-11D3-BF4B-00C04F79EFBC}") = "GameSharp.WoW", "WorldOfWarcraft\GameSharp.WoW\GameSharp.WoW.csproj", "{745768D9-1CC4-4E79-A070-3EADE1CC630D}"
EndProject
Project("{FAE04EC0-301F-11D3-BF4B-00C04F79EFBC}") = "GameSharp.WoW.Injector", "WorldOfWarcraft\GameSharp.WoW.Injector\GameSharp.WoW.Injector.csproj", "{445387D9-D229-425C-AF90-3A9413092C8B}"
EndProject
Global
	GlobalSection(SolutionConfigurationPlatforms) = preSolution
		Debug|Any CPU = Debug|Any CPU
		Debug|x86 = Debug|x86
		Release|Any CPU = Release|Any CPU
		Release|x86 = Release|x86
	EndGlobalSection
	GlobalSection(ProjectConfigurationPlatforms) = postSolution
		{79C11529-1264-454A-B086-0E10EB21A584}.Debug|Any CPU.ActiveCfg = Debug|Any CPU
		{79C11529-1264-454A-B086-0E10EB21A584}.Debug|Any CPU.Build.0 = Debug|Any CPU
		{79C11529-1264-454A-B086-0E10EB21A584}.Debug|x86.ActiveCfg = Debug|x86
		{79C11529-1264-454A-B086-0E10EB21A584}.Debug|x86.Build.0 = Debug|x86
		{79C11529-1264-454A-B086-0E10EB21A584}.Release|Any CPU.ActiveCfg = Release|Any CPU
		{79C11529-1264-454A-B086-0E10EB21A584}.Release|Any CPU.Build.0 = Release|Any CPU
		{79C11529-1264-454A-B086-0E10EB21A584}.Release|x86.ActiveCfg = Release|x86
		{79C11529-1264-454A-B086-0E10EB21A584}.Release|x86.Build.0 = Release|x86
		{33487D43-8039-476F-B1E6-E906A0897F7B}.Debug|Any CPU.ActiveCfg = Debug|Any CPU
		{33487D43-8039-476F-B1E6-E906A0897F7B}.Debug|Any CPU.Build.0 = Debug|Any CPU
		{33487D43-8039-476F-B1E6-E906A0897F7B}.Debug|x86.ActiveCfg = Debug|Any CPU
		{33487D43-8039-476F-B1E6-E906A0897F7B}.Debug|x86.Build.0 = Debug|Any CPU
		{33487D43-8039-476F-B1E6-E906A0897F7B}.Release|Any CPU.ActiveCfg = Release|Any CPU
		{33487D43-8039-476F-B1E6-E906A0897F7B}.Release|Any CPU.Build.0 = Release|Any CPU
		{33487D43-8039-476F-B1E6-E906A0897F7B}.Release|x86.ActiveCfg = Release|Any CPU
		{33487D43-8039-476F-B1E6-E906A0897F7B}.Release|x86.Build.0 = Release|Any CPU
		{9F88A5B2-866E-4DF0-98B7-69E88009194B}.Debug|Any CPU.ActiveCfg = Debug|Any CPU
		{9F88A5B2-866E-4DF0-98B7-69E88009194B}.Debug|Any CPU.Build.0 = Debug|Any CPU
		{9F88A5B2-866E-4DF0-98B7-69E88009194B}.Debug|x86.ActiveCfg = Debug|Any CPU
		{9F88A5B2-866E-4DF0-98B7-69E88009194B}.Debug|x86.Build.0 = Debug|Any CPU
		{9F88A5B2-866E-4DF0-98B7-69E88009194B}.Release|Any CPU.ActiveCfg = Release|Any CPU
		{9F88A5B2-866E-4DF0-98B7-69E88009194B}.Release|Any CPU.Build.0 = Release|Any CPU
		{9F88A5B2-866E-4DF0-98B7-69E88009194B}.Release|x86.ActiveCfg = Release|Any CPU
		{9F88A5B2-866E-4DF0-98B7-69E88009194B}.Release|x86.Build.0 = Release|Any CPU
		{4422D079-E831-48AB-BC8A-1B805C7C12FA}.Debug|Any CPU.ActiveCfg = Debug|Any CPU
		{4422D079-E831-48AB-BC8A-1B805C7C12FA}.Debug|Any CPU.Build.0 = Debug|Any CPU
		{4422D079-E831-48AB-BC8A-1B805C7C12FA}.Debug|x86.ActiveCfg = Debug|Any CPU
		{4422D079-E831-48AB-BC8A-1B805C7C12FA}.Debug|x86.Build.0 = Debug|Any CPU
		{4422D079-E831-48AB-BC8A-1B805C7C12FA}.Release|Any CPU.ActiveCfg = Release|Any CPU
		{4422D079-E831-48AB-BC8A-1B805C7C12FA}.Release|Any CPU.Build.0 = Release|Any CPU
		{4422D079-E831-48AB-BC8A-1B805C7C12FA}.Release|x86.ActiveCfg = Release|Any CPU
		{4422D079-E831-48AB-BC8A-1B805C7C12FA}.Release|x86.Build.0 = Release|Any CPU
		{C8009EEC-5B88-43EE-AF12-2D973C4676C2}.Debug|Any CPU.ActiveCfg = Debug|Any CPU
		{C8009EEC-5B88-43EE-AF12-2D973C4676C2}.Debug|Any CPU.Build.0 = Debug|Any CPU
		{C8009EEC-5B88-43EE-AF12-2D973C4676C2}.Debug|x86.ActiveCfg = Debug|Any CPU
		{C8009EEC-5B88-43EE-AF12-2D973C4676C2}.Debug|x86.Build.0 = Debug|Any CPU
		{C8009EEC-5B88-43EE-AF12-2D973C4676C2}.Release|Any CPU.ActiveCfg = Release|Any CPU
		{C8009EEC-5B88-43EE-AF12-2D973C4676C2}.Release|Any CPU.Build.0 = Release|Any CPU
		{C8009EEC-5B88-43EE-AF12-2D973C4676C2}.Release|x86.ActiveCfg = Release|Any CPU
		{C8009EEC-5B88-43EE-AF12-2D973C4676C2}.Release|x86.Build.0 = Release|Any CPU
		{745768D9-1CC4-4E79-A070-3EADE1CC630D}.Debug|Any CPU.ActiveCfg = Debug|Any CPU
		{745768D9-1CC4-4E79-A070-3EADE1CC630D}.Debug|Any CPU.Build.0 = Debug|Any CPU
		{745768D9-1CC4-4E79-A070-3EADE1CC630D}.Debug|x86.ActiveCfg = Debug|Any CPU
		{745768D9-1CC4-4E79-A070-3EADE1CC630D}.Debug|x86.Build.0 = Debug|Any CPU
		{745768D9-1CC4-4E79-A070-3EADE1CC630D}.Release|Any CPU.ActiveCfg = Release|Any CPU
		{745768D9-1CC4-4E79-A070-3EADE1CC630D}.Release|Any CPU.Build.0 = Release|Any CPU
		{745768D9-1CC4-4E79-A070-3EADE1CC630D}.Release|x86.ActiveCfg = Release|Any CPU
		{745768D9-1CC4-4E79-A070-3EADE1CC630D}.Release|x86.Build.0 = Release|Any CPU
		{445387D9-D229-425C-AF90-3A9413092C8B}.Debug|Any CPU.ActiveCfg = Debug|Any CPU
		{445387D9-D229-425C-AF90-3A9413092C8B}.Debug|Any CPU.Build.0 = Debug|Any CPU
		{445387D9-D229-425C-AF90-3A9413092C8B}.Debug|x86.ActiveCfg = Debug|Any CPU
		{445387D9-D229-425C-AF90-3A9413092C8B}.Debug|x86.Build.0 = Debug|Any CPU
		{445387D9-D229-425C-AF90-3A9413092C8B}.Release|Any CPU.ActiveCfg = Release|Any CPU
		{445387D9-D229-425C-AF90-3A9413092C8B}.Release|Any CPU.Build.0 = Release|Any CPU
		{445387D9-D229-425C-AF90-3A9413092C8B}.Release|x86.ActiveCfg = Release|Any CPU
		{445387D9-D229-425C-AF90-3A9413092C8B}.Release|x86.Build.0 = Release|Any CPU
	EndGlobalSection
	GlobalSection(SolutionProperties) = preSolution
		HideSolutionNode = FALSE
	EndGlobalSection
	GlobalSection(NestedProjects) = preSolution
		{79C11529-1264-454A-B086-0E10EB21A584} = {85FF6757-CBA4-460F-B028-ABC0282D73E8}
		{33487D43-8039-476F-B1E6-E906A0897F7B} = {85FF6757-CBA4-460F-B028-ABC0282D73E8}
		{745768D9-1CC4-4E79-A070-3EADE1CC630D} = {FD320032-FF21-4C98-8207-0C17431763A9}
		{445387D9-D229-425C-AF90-3A9413092C8B} = {FD320032-FF21-4C98-8207-0C17431763A9}
	EndGlobalSection
	GlobalSection(ExtensibilityGlobals) = postSolution
		SolutionGuid = {D08A4915-36D7-4636-A195-69744BA601A1}
	EndGlobalSection
EndGlobal
